
Microsoft Visual Studio Solution File, Format Version 12.00
# Visual Studio Version 16
VisualStudioVersion = 16.0.808.6
MinimumVisualStudioVersion = 10.0.40219.1
Project("{FAE04EC0-301F-11D3-BF4B-00C04F79EFBC}") = "GenericResponse", "GenericResponse\GenericResponse.csproj", "{CA14918F-C0FF-4E74-A2CA-77B4822984DA}"
EndProject
Project("{FAE04EC0-301F-11D3-BF4B-00C04F79EFBC}") = "Example", "Example\Example.csproj", "{D4254969-9F1E-4786-9363-C3C1BC7F41E0}"
EndProject
Global
	GlobalSection(SolutionConfigurationPlatforms) = preSolution
		Debug|Any CPU = Debug|Any CPU
		Release|Any CPU = Release|Any CPU
	EndGlobalSection
	GlobalSection(ProjectConfigurationPlatforms) = postSolution
		{CA14918F-C0FF-4E74-A2CA-77B4822984DA}.Debug|Any CPU.ActiveCfg = Debug|Any CPU
		{CA14918F-C0FF-4E74-A2CA-77B4822984DA}.Debug|Any CPU.Build.0 = Debug|Any CPU
		{CA14918F-C0FF-4E74-A2CA-77B4822984DA}.Release|Any CPU.ActiveCfg = Release|Any CPU
		{CA14918F-C0FF-4E74-A2CA-77B4822984DA}.Release|Any CPU.Build.0 = Release|Any CPU
		{D4254969-9F1E-4786-9363-C3C1BC7F41E0}.Debug|Any CPU.ActiveCfg = Debug|Any CPU
		{D4254969-9F1E-4786-9363-C3C1BC7F41E0}.Debug|Any CPU.Build.0 = Debug|Any CPU
		{D4254969-9F1E-4786-9363-C3C1BC7F41E0}.Release|Any CPU.ActiveCfg = Release|Any CPU
		{D4254969-9F1E-4786-9363-C3C1BC7F41E0}.Release|Any CPU.Build.0 = Release|Any CPU
	EndGlobalSection
	GlobalSection(SolutionProperties) = preSolution
		HideSolutionNode = FALSE
	EndGlobalSection
	GlobalSection(ExtensibilityGlobals) = postSolution
		SolutionGuid = {90C30E25-18C8-47FC-871D-BC2A5834A1A4}
	EndGlobalSection
EndGlobal
